Microsoft Visual Studio Solution File, Format Version 12.00
# Visual Studio Version 17
VisualStudioVersion = 17.5.2.0
MinimumVisualStudioVersion = 10.0.40219.1
Project("{FAE04EC0-301F-11D3-BF4B-00C04F79EFBC}") = "LogisticTracking", "LogisticTracking.csproj", "{FDE7515C-7906-AFDD-6990-2E2C541A56CA}"
EndProject
Global
	GlobalSection(SolutionConfigurationPlatforms) = preSolution
		Debug|Any CPU = Debug|Any CPU
		Release|Any CPU = Release|Any CPU
	EndGlobalSection
	GlobalSection(ProjectConfigurationPlatforms) = postSolution
		{FDE7515C-7906-AFDD-6990-2E2C541A56CA}.Debug|Any CPU.ActiveCfg = Debug|Any CPU
		{FDE7515C-7906-AFDD-6990-2E2C541A56CA}.Debug|Any CPU.Build.0 = Debug|Any CPU
		{FDE7515C-7906-AFDD-6990-2E2C541A56CA}.Release|Any CPU.ActiveCfg = Release|Any CPU
		{FDE7515C-7906-AFDD-6990-2E2C541A56CA}.Release|Any CPU.Build.0 = Release|Any CPU
	EndGlobalSection
	GlobalSection(SolutionProperties) = preSolution
		HideSolutionNode = FALSE
	EndGlobalSection
	GlobalSection(ExtensibilityGlobals) = postSolution
		SolutionGuid = {33883B21-126D-4F48-B71C-8032E721DD99}
	EndGlobalSection
EndGlobal
